PODS:
  - pop (1.0.12)
  - UMDeckView (0.1.3):
    - pop

DEPENDENCIES:
  - UMDeckView (from `../`)

SPEC REPOS:
  https://github.com/cocoapods/specs.git:
    - pop

EXTERNAL SOURCES:
  UMDeckView:
    :path: "../"

SPEC CHECKSUMS:
  pop: d582054913807fd11fd50bfe6a539d91c7e1a55a
  UMDeckView: 1f4b9316f289a6e1934b0c1c27927bea614d6bd9

PODFILE CHECKSUM: a56be93de291f761fb2355327bf4120203c85e0f

COCOAPODS: 1.5.3
